
Microsoft Visual Studio Solution File, Format Version 12.00
# Visual Studio 15
VisualStudioVersion = 15.0.27703.2026
MinimumVisualStudioVersion = 10.0.40219.1
Project("{FAE04EC0-301F-11D3-BF4B-00C04F79EFBC}") = "TesteAsuris", "TesteAsuris\TesteAsuris.csproj", "{0B03D4A5-8E06-49F2-B0EE-9D4254CF25D6}"
EndProject
Global
	GlobalSection(SolutionConfigurationPlatforms) = preSolution
		Debug|Any CPU = Debug|Any CPU
		Release|Any CPU = Release|Any CPU
	EndGlobalSection
	GlobalSection(ProjectConfigurationPlatforms) = postSolution
		{0B03D4A5-8E06-49F2-B0EE-9D4254CF25D6}.Debug|Any CPU.ActiveCfg = Debug|Any CPU
		{0B03D4A5-8E06-49F2-B0EE-9D4254CF25D6}.Debug|Any CPU.Build.0 = Debug|Any CPU
		{0B03D4A5-8E06-49F2-B0EE-9D4254CF25D6}.Release|Any CPU.ActiveCfg = Release|Any CPU
		{0B03D4A5-8E06-49F2-B0EE-9D4254CF25D6}.Release|Any CPU.Build.0 = Release|Any CPU
	EndGlobalSection
	GlobalSection(SolutionProperties) = preSolution
		HideSolutionNode = FALSE
	EndGlobalSection
	GlobalSection(ExtensibilityGlobals) = postSolution
		SolutionGuid = {D891530D-0640-42E4-A02D-E1840705BA87}
	EndGlobalSection
EndGlobal
